
Microsoft Visual Studio Solution File, Format Version 12.00
# Visual Studio Version 17
VisualStudioVersion = 17.13.35806.99 d17.13
MinimumVisualStudioVersion = 10.0.40219.1
Project("{FAE04EC0-301F-11D3-BF4B-00C04F79EFBC}") = "BT1_CCB", "BT1_CCB\BT1_CCB.csproj", "{55EED0F8-4C56-47B7-9BF5-CBE42CE492C6}"
EndProject
Global
	GlobalSection(SolutionConfigurationPlatforms) = preSolution
		Debug|Any CPU = Debug|Any CPU
		Release|Any CPU = Release|Any CPU
	EndGlobalSection
	GlobalSection(ProjectConfigurationPlatforms) = postSolution
		{55EED0F8-4C56-47B7-9BF5-CBE42CE492C6}.Debug|Any CPU.ActiveCfg = Debug|Any CPU
		{55EED0F8-4C56-47B7-9BF5-CBE42CE492C6}.Debug|Any CPU.Build.0 = Debug|Any CPU
		{55EED0F8-4C56-47B7-9BF5-CBE42CE492C6}.Release|Any CPU.ActiveCfg = Release|Any CPU
		{55EED0F8-4C56-47B7-9BF5-CBE42CE492C6}.Release|Any CPU.Build.0 = Release|Any CPU
	EndGlobalSection
	GlobalSection(SolutionProperties) = preSolution
		HideSolutionNode = FALSE
	EndGlobalSection
	GlobalSection(ExtensibilityGlobals) = postSolution
		SolutionGuid = {BA0887A4-2687-45F7-9161-F7EE197A34E9}
	EndGlobalSection
EndGlobal
