
Microsoft Visual Studio Solution File, Format Version 12.00
# Visual Studio Version 17
VisualStudioVersion = 17.13.35806.99 d17.13
MinimumVisualStudioVersion = 10.0.40219.1
Project("{FAE04EC0-301F-11D3-BF4B-00C04F79EFBC}") = "BT5_CCB", "BT5_CCB\BT5_CCB.csproj", "{9E726584-54A3-482C-8258-EC8A76BEBAEB}"
EndProject
Global
	GlobalSection(SolutionConfigurationPlatforms) = preSolution
		Debug|Any CPU = Debug|Any CPU
		Release|Any CPU = Release|Any CPU
	EndGlobalSection
	GlobalSection(ProjectConfigurationPlatforms) = postSolution
		{9E726584-54A3-482C-8258-EC8A76BEBAEB}.Debug|Any CPU.ActiveCfg = Debug|Any CPU
		{9E726584-54A3-482C-8258-EC8A76BEBAEB}.Debug|Any CPU.Build.0 = Debug|Any CPU
		{9E726584-54A3-482C-8258-EC8A76BEBAEB}.Release|Any CPU.ActiveCfg = Release|Any CPU
		{9E726584-54A3-482C-8258-EC8A76BEBAEB}.Release|Any CPU.Build.0 = Release|Any CPU
	EndGlobalSection
	GlobalSection(SolutionProperties) = preSolution
		HideSolutionNode = FALSE
	EndGlobalSection
	GlobalSection(ExtensibilityGlobals) = postSolution
		SolutionGuid = {B89F55AC-AA63-4285-BDE4-3D5773455ECC}
	EndGlobalSection
EndGlobal
