
Microsoft Visual Studio Solution File, Format Version 12.00
# Visual Studio Version 17
VisualStudioVersion = 17.13.35806.99 d17.13
MinimumVisualStudioVersion = 10.0.40219.1
Project("{FAE04EC0-301F-11D3-BF4B-00C04F79EFBC}") = "BT2_CCB", "BT2_CCB\BT2_CCB.csproj", "{BF5F7432-6119-4A08-8EF5-066915EA0397}"
EndProject
Global
	GlobalSection(SolutionConfigurationPlatforms) = preSolution
		Debug|Any CPU = Debug|Any CPU
		Release|Any CPU = Release|Any CPU
	EndGlobalSection
	GlobalSection(ProjectConfigurationPlatforms) = postSolution
		{BF5F7432-6119-4A08-8EF5-066915EA0397}.Debug|Any CPU.ActiveCfg = Debug|Any CPU
		{BF5F7432-6119-4A08-8EF5-066915EA0397}.Debug|Any CPU.Build.0 = Debug|Any CPU
		{BF5F7432-6119-4A08-8EF5-066915EA0397}.Release|Any CPU.ActiveCfg = Release|Any CPU
		{BF5F7432-6119-4A08-8EF5-066915EA0397}.Release|Any CPU.Build.0 = Release|Any CPU
	EndGlobalSection
	GlobalSection(SolutionProperties) = preSolution
		HideSolutionNode = FALSE
	EndGlobalSection
	GlobalSection(ExtensibilityGlobals) = postSolution
		SolutionGuid = {0215C54F-AAB9-4183-BE02-DC99E40BD93F}
	EndGlobalSection
EndGlobal
